
Microsoft Visual Studio Solution File, Format Version 12.00
# Visual Studio Version 17
VisualStudioVersion = 17.11.35327.3
MinimumVisualStudioVersion = 10.0.40219.1
Project("{9A19103F-16F7-4668-BE54-9A1E7A4F7556}") = "AudioRepeaterManager.NET8_0.Backend.Tests", "AudioRepeaterManager.NET8_0.Backend.Tests\AudioRepeaterManager.NET8_0.Backend.Tests.csproj", "{FE58DC30-83F1-4D77-B614-557EC3D2F2EB}"
EndProject
Project("{9A19103F-16F7-4668-BE54-9A1E7A4F7556}") = "AudioRepeaterManager.NET8_0.Backend", "AudioRepeaterManager.NET8_0.Backend\AudioRepeaterManager.NET8_0.Backend.csproj", "{AB23F4FB-A2A3-42D2-AE7A-96571925F3E7}"
EndProject
Project("{9A19103F-16F7-4668-BE54-9A1E7A4F7556}") = "AudioRepeaterManager.NET8_0.GUI", "AudioRepeaterManager.NET8_0.GUI\AudioRepeaterManager.NET8_0.GUI.csproj", "{453B6708-A69C-4773-829F-0EA5DE5C074D}"
EndProject
Project("{9A19103F-16F7-4668-BE54-9A1E7A4F7556}") = "AudioRepeaterManager.NET8_0.GUI.Extensions", "AudioRepeaterManager.NET8_0.GUI.Extensions\AudioRepeaterManager.NET8_0.GUI.Extensions.csproj", "{5C4297DE-9278-45F0-931E-3BECFE8A5669}"
EndProject
Project("{9A19103F-16F7-4668-BE54-9A1E7A4F7556}") = "AudioRepeaterManager.NET8_0.TUI", "AudioRepeaterManager.NET8_0.TUI\AudioRepeaterManager.NET8_0.TUI.csproj", "{9CE9CF90-D743-4C48-8DE6-3D124B66BEC5}"
EndProject
Global
	GlobalSection(SolutionConfigurationPlatforms) = preSolution
		Debug|Any CPU = Debug|Any CPU
		Debug|ARM64 = Debug|ARM64
		Debug|x64 = Debug|x64
		Debug|x86 = Debug|x86
		Release|Any CPU = Release|Any CPU
		Release|ARM64 = Release|ARM64
		Release|x64 = Release|x64
		Release|x86 = Release|x86
	EndGlobalSection
	GlobalSection(ProjectConfigurationPlatforms) = postSolution
		{FE58DC30-83F1-4D77-B614-557EC3D2F2EB}.Debug|Any CPU.ActiveCfg = Debug|Any CPU
		{FE58DC30-83F1-4D77-B614-557EC3D2F2EB}.Debug|Any CPU.Build.0 = Debug|Any CPU
		{FE58DC30-83F1-4D77-B614-557EC3D2F2EB}.Debug|ARM64.ActiveCfg = Debug|Any CPU
		{FE58DC30-83F1-4D77-B614-557EC3D2F2EB}.Debug|ARM64.Build.0 = Debug|Any CPU
		{FE58DC30-83F1-4D77-B614-557EC3D2F2EB}.Debug|x64.ActiveCfg = Debug|Any CPU
		{FE58DC30-83F1-4D77-B614-557EC3D2F2EB}.Debug|x64.Build.0 = Debug|Any CPU
		{FE58DC30-83F1-4D77-B614-557EC3D2F2EB}.Debug|x86.ActiveCfg = Debug|Any CPU
		{FE58DC30-83F1-4D77-B614-557EC3D2F2EB}.Debug|x86.Build.0 = Debug|Any CPU
		{FE58DC30-83F1-4D77-B614-557EC3D2F2EB}.Release|Any CPU.ActiveCfg = Release|Any CPU
		{FE58DC30-83F1-4D77-B614-557EC3D2F2EB}.Release|Any CPU.Build.0 = Release|Any CPU
		{FE58DC30-83F1-4D77-B614-557EC3D2F2EB}.Release|ARM64.ActiveCfg = Release|Any CPU
		{FE58DC30-83F1-4D77-B614-557EC3D2F2EB}.Release|ARM64.Build.0 = Release|Any CPU
		{FE58DC30-83F1-4D77-B614-557EC3D2F2EB}.Release|x64.ActiveCfg = Release|Any CPU
		{FE58DC30-83F1-4D77-B614-557EC3D2F2EB}.Release|x64.Build.0 = Release|Any CPU
		{FE58DC30-83F1-4D77-B614-557EC3D2F2EB}.Release|x86.ActiveCfg = Release|Any CPU
		{FE58DC30-83F1-4D77-B614-557EC3D2F2EB}.Release|x86.Build.0 = Release|Any CPU
		{AB23F4FB-A2A3-42D2-AE7A-96571925F3E7}.Debug|Any CPU.ActiveCfg = Debug|Any CPU
		{AB23F4FB-A2A3-42D2-AE7A-96571925F3E7}.Debug|Any CPU.Build.0 = Debug|Any CPU
		{AB23F4FB-A2A3-42D2-AE7A-96571925F3E7}.Debug|ARM64.ActiveCfg = Debug|Any CPU
		{AB23F4FB-A2A3-42D2-AE7A-96571925F3E7}.Debug|ARM64.Build.0 = Debug|Any CPU
		{AB23F4FB-A2A3-42D2-AE7A-96571925F3E7}.Debug|x64.ActiveCfg = Debug|Any CPU
		{AB23F4FB-A2A3-42D2-AE7A-96571925F3E7}.Debug|x64.Build.0 = Debug|Any CPU
		{AB23F4FB-A2A3-42D2-AE7A-96571925F3E7}.Debug|x86.ActiveCfg = Debug|Any CPU
		{AB23F4FB-A2A3-42D2-AE7A-96571925F3E7}.Debug|x86.Build.0 = Debug|Any CPU
		{AB23F4FB-A2A3-42D2-AE7A-96571925F3E7}.Release|Any CPU.ActiveCfg = Release|Any CPU
		{AB23F4FB-A2A3-42D2-AE7A-96571925F3E7}.Release|Any CPU.Build.0 = Release|Any CPU
		{AB23F4FB-A2A3-42D2-AE7A-96571925F3E7}.Release|ARM64.ActiveCfg = Release|Any CPU
		{AB23F4FB-A2A3-42D2-AE7A-96571925F3E7}.Release|ARM64.Build.0 = Release|Any CPU
		{AB23F4FB-A2A3-42D2-AE7A-96571925F3E7}.Release|x64.ActiveCfg = Release|Any CPU
		{AB23F4FB-A2A3-42D2-AE7A-96571925F3E7}.Release|x64.Build.0 = Release|Any CPU
		{AB23F4FB-A2A3-42D2-AE7A-96571925F3E7}.Release|x86.ActiveCfg = Release|Any CPU
		{AB23F4FB-A2A3-42D2-AE7A-96571925F3E7}.Release|x86.Build.0 = Release|Any CPU
		{453B6708-A69C-4773-829F-0EA5DE5C074D}.Debug|Any CPU.ActiveCfg = Debug|x64
		{453B6708-A69C-4773-829F-0EA5DE5C074D}.Debug|Any CPU.Build.0 = Debug|x64
		{453B6708-A69C-4773-829F-0EA5DE5C074D}.Debug|Any CPU.Deploy.0 = Debug|x64
		{453B6708-A69C-4773-829F-0EA5DE5C074D}.Debug|ARM64.ActiveCfg = Debug|ARM64
		{453B6708-A69C-4773-829F-0EA5DE5C074D}.Debug|ARM64.Build.0 = Debug|ARM64
		{453B6708-A69C-4773-829F-0EA5DE5C074D}.Debug|ARM64.Deploy.0 = Debug|ARM64
		{453B6708-A69C-4773-829F-0EA5DE5C074D}.Debug|x64.ActiveCfg = Debug|x64
		{453B6708-A69C-4773-829F-0EA5DE5C074D}.Debug|x64.Build.0 = Debug|x64
		{453B6708-A69C-4773-829F-0EA5DE5C074D}.Debug|x64.Deploy.0 = Debug|x64
		{453B6708-A69C-4773-829F-0EA5DE5C074D}.Debug|x86.ActiveCfg = Debug|x86
		{453B6708-A69C-4773-829F-0EA5DE5C074D}.Debug|x86.Build.0 = Debug|x86
		{453B6708-A69C-4773-829F-0EA5DE5C074D}.Debug|x86.Deploy.0 = Debug|x86
		{453B6708-A69C-4773-829F-0EA5DE5C074D}.Release|Any CPU.ActiveCfg = Release|x64
		{453B6708-A69C-4773-829F-0EA5DE5C074D}.Release|Any CPU.Build.0 = Release|x64
		{453B6708-A69C-4773-829F-0EA5DE5C074D}.Release|Any CPU.Deploy.0 = Release|x64
		{453B6708-A69C-4773-829F-0EA5DE5C074D}.Release|ARM64.ActiveCfg = Release|ARM64
		{453B6708-A69C-4773-829F-0EA5DE5C074D}.Release|ARM64.Build.0 = Release|ARM64
		{453B6708-A69C-4773-829F-0EA5DE5C074D}.Release|ARM64.Deploy.0 = Release|ARM64
		{453B6708-A69C-4773-829F-0EA5DE5C074D}.Release|x64.ActiveCfg = Release|x64
		{453B6708-A69C-4773-829F-0EA5DE5C074D}.Release|x64.Build.0 = Release|x64
		{453B6708-A69C-4773-829F-0EA5DE5C074D}.Release|x64.Deploy.0 = Release|x64
		{453B6708-A69C-4773-829F-0EA5DE5C074D}.Release|x86.ActiveCfg = Release|x86
		{453B6708-A69C-4773-829F-0EA5DE5C074D}.Release|x86.Build.0 = Release|x86
		{453B6708-A69C-4773-829F-0EA5DE5C074D}.Release|x86.Deploy.0 = Release|x86
		{5C4297DE-9278-45F0-931E-3BECFE8A5669}.Debug|Any CPU.ActiveCfg = Debug|Any CPU
		{5C4297DE-9278-45F0-931E-3BECFE8A5669}.Debug|Any CPU.Build.0 = Debug|Any CPU
		{5C4297DE-9278-45F0-931E-3BECFE8A5669}.Debug|ARM64.ActiveCfg = Debug|Any CPU
		{5C4297DE-9278-45F0-931E-3BECFE8A5669}.Debug|ARM64.Build.0 = Debug|Any CPU
		{5C4297DE-9278-45F0-931E-3BECFE8A5669}.Debug|x64.ActiveCfg = Debug|Any CPU
		{5C4297DE-9278-45F0-931E-3BECFE8A5669}.Debug|x64.Build.0 = Debug|Any CPU
		{5C4297DE-9278-45F0-931E-3BECFE8A5669}.Debug|x86.ActiveCfg = Debug|Any CPU
		{5C4297DE-9278-45F0-931E-3BECFE8A5669}.Debug|x86.Build.0 = Debug|Any CPU
		{5C4297DE-9278-45F0-931E-3BECFE8A5669}.Release|Any CPU.ActiveCfg = Release|Any CPU
		{5C4297DE-9278-45F0-931E-3BECFE8A5669}.Release|Any CPU.Build.0 = Release|Any CPU
		{5C4297DE-9278-45F0-931E-3BECFE8A5669}.Release|ARM64.ActiveCfg = Release|Any CPU
		{5C4297DE-9278-45F0-931E-3BECFE8A5669}.Release|ARM64.Build.0 = Release|Any CPU
		{5C4297DE-9278-45F0-931E-3BECFE8A5669}.Release|x64.ActiveCfg = Release|Any CPU
		{5C4297DE-9278-45F0-931E-3BECFE8A5669}.Release|x64.Build.0 = Release|Any CPU
		{5C4297DE-9278-45F0-931E-3BECFE8A5669}.Release|x86.ActiveCfg = Release|Any CPU
		{5C4297DE-9278-45F0-931E-3BECFE8A5669}.Release|x86.Build.0 = Release|Any CPU
		{9CE9CF90-D743-4C48-8DE6-3D124B66BEC5}.Debug|Any CPU.ActiveCfg = Debug|Any CPU
		{9CE9CF90-D743-4C48-8DE6-3D124B66BEC5}.Debug|Any CPU.Build.0 = Debug|Any CPU
		{9CE9CF90-D743-4C48-8DE6-3D124B66BEC5}.Debug|ARM64.ActiveCfg = Debug|Any CPU
		{9CE9CF90-D743-4C48-8DE6-3D124B66BEC5}.Debug|ARM64.Build.0 = Debug|Any CPU
		{9CE9CF90-D743-4C48-8DE6-3D124B66BEC5}.Debug|x64.ActiveCfg = Debug|Any CPU
		{9CE9CF90-D743-4C48-8DE6-3D124B66BEC5}.Debug|x64.Build.0 = Debug|Any CPU
		{9CE9CF90-D743-4C48-8DE6-3D124B66BEC5}.Debug|x86.ActiveCfg = Debug|Any CPU
		{9CE9CF90-D743-4C48-8DE6-3D124B66BEC5}.Debug|x86.Build.0 = Debug|Any CPU
		{9CE9CF90-D743-4C48-8DE6-3D124B66BEC5}.Release|Any CPU.ActiveCfg = Release|Any CPU
		{9CE9CF90-D743-4C48-8DE6-3D124B66BEC5}.Release|Any CPU.Build.0 = Release|Any CPU
		{9CE9CF90-D743-4C48-8DE6-3D124B66BEC5}.Release|ARM64.ActiveCfg = Release|Any CPU
		{9CE9CF90-D743-4C48-8DE6-3D124B66BEC5}.Release|ARM64.Build.0 = Release|Any CPU
		{9CE9CF90-D743-4C48-8DE6-3D124B66BEC5}.Release|x64.ActiveCfg = Release|Any CPU
		{9CE9CF90-D743-4C48-8DE6-3D124B66BEC5}.Release|x64.Build.0 = Release|Any CPU
		{9CE9CF90-D743-4C48-8DE6-3D124B66BEC5}.Release|x86.ActiveCfg = Release|Any CPU
		{9CE9CF90-D743-4C48-8DE6-3D124B66BEC5}.Release|x86.Build.0 = Release|Any CPU
	EndGlobalSection
	GlobalSection(SolutionProperties) = preSolution
		HideSolutionNode = FALSE
	EndGlobalSection
	GlobalSection(ExtensibilityGlobals) = postSolution
		SolutionGuid = {844B3F28-9630-4505-AC3D-556251B1FA0B}
	EndGlobalSection
EndGlobal
