
Microsoft Visual Studio Solution File, Format Version 12.00
# Visual Studio Version 17
VisualStudioVersion = 17.11.35327.3
MinimumVisualStudioVersion = 10.0.40219.1
Project("{2150E333-8FDC-42A3-9474-1A3956D46DE8}") = "Solution Items", "Solution Items", "{7645A187-5039-498F-BAB7-9EEBFF4F7BB0}"
	ProjectSection(SolutionItems) = preProject
		AudioRepeaterManager.NET8_0.Backend\AudioRepeaterManager.NET8_0.Backend.csproj = AudioRepeaterManager.NET8_0.Backend\AudioRepeaterManager.NET8_0.Backend.csproj
		AudioRepeaterManager.NET8_0.Backend.Tests\AudioRepeaterManager.NET8_0.Backend.Tests.csproj = AudioRepeaterManager.NET8_0.Backend.Tests\AudioRepeaterManager.NET8_0.Backend.Tests.csproj
		AudioRepeaterManager.NET8_0.GUI\AudioRepeaterManager.NET8_0.GUI.csproj = AudioRepeaterManager.NET8_0.GUI\AudioRepeaterManager.NET8_0.GUI.csproj
		AudioRepeaterManager.NET8_0.GUI.Extensions\AudioRepeaterManager.NET8_0.GUI.Extensions.csproj = AudioRepeaterManager.NET8_0.GUI.Extensions\AudioRepeaterManager.NET8_0.GUI.Extensions.csproj
		AudioRepeaterManager.NET8_0.TUI\AudioRepeaterManager.NET8_0.TUI.csproj = AudioRepeaterManager.NET8_0.TUI\AudioRepeaterManager.NET8_0.TUI.csproj
	EndProjectSection
EndProject
Global
	GlobalSection(SolutionProperties) = preSolution
		HideSolutionNode = FALSE
	EndGlobalSection
	GlobalSection(ExtensibilityGlobals) = postSolution
		SolutionGuid = {844B3F28-9630-4505-AC3D-556251B1FA0B}
	EndGlobalSection
EndGlobal
