
Microsoft Visual Studio Solution File, Format Version 12.00
# Visual Studio Version 17
VisualStudioVersion = 17.8.34330.188
MinimumVisualStudioVersion = 10.0.40219.1
Project("{FAE04EC0-301F-11D3-BF4B-00C04F79EFBC}") = "VACM.NET4_0.Library", "VACM.NET4_0\VACM.NET4_0.Library.csproj", "{B5B16153-9C97-4A5C-A524-27F2F7067BD2}"
EndProject
Project("{FAE04EC0-301F-11D3-BF4B-00C04F79EFBC}") = "VACM.NET8_0.CLI", "VACM.NET8_0.CLI\VACM.NET8_0.CLI.csproj", "{582641DA-7AF8-4554-BA61-84E66BF831FA}"
EndProject
Global
	GlobalSection(SolutionConfigurationPlatforms) = preSolution
		Debug|Any CPU = Debug|Any CPU
		Debug|ARM64 = Debug|ARM64
		Debug|x64 = Debug|x64
		Debug|x86 = Debug|x86
		Release|Any CPU = Release|Any CPU
		Release|ARM64 = Release|ARM64
		Release|x64 = Release|x64
		Release|x86 = Release|x86
		Description = Virtual Audio Cable (VAC) Manager user interfaces and libraries.
	EndGlobalSection
	GlobalSection(ProjectConfigurationPlatforms) = postSolution
		{B5B16153-9C97-4A5C-A524-27F2F7067BD2}.Debug|Any CPU.ActiveCfg = Debug|Any CPU
		{B5B16153-9C97-4A5C-A524-27F2F7067BD2}.Debug|Any CPU.Build.0 = Debug|Any CPU
		{B5B16153-9C97-4A5C-A524-27F2F7067BD2}.Debug|ARM64.ActiveCfg = Debug|Any CPU
		{B5B16153-9C97-4A5C-A524-27F2F7067BD2}.Debug|ARM64.Build.0 = Debug|Any CPU
		{B5B16153-9C97-4A5C-A524-27F2F7067BD2}.Debug|x64.ActiveCfg = Debug|Any CPU
		{B5B16153-9C97-4A5C-A524-27F2F7067BD2}.Debug|x64.Build.0 = Debug|Any CPU
		{B5B16153-9C97-4A5C-A524-27F2F7067BD2}.Debug|x86.ActiveCfg = Debug|Any CPU
		{B5B16153-9C97-4A5C-A524-27F2F7067BD2}.Debug|x86.Build.0 = Debug|Any CPU
		{B5B16153-9C97-4A5C-A524-27F2F7067BD2}.Release|Any CPU.ActiveCfg = Release|Any CPU
		{B5B16153-9C97-4A5C-A524-27F2F7067BD2}.Release|Any CPU.Build.0 = Release|Any CPU
		{B5B16153-9C97-4A5C-A524-27F2F7067BD2}.Release|ARM64.ActiveCfg = Release|Any CPU
		{B5B16153-9C97-4A5C-A524-27F2F7067BD2}.Release|ARM64.Build.0 = Release|Any CPU
		{B5B16153-9C97-4A5C-A524-27F2F7067BD2}.Release|x64.ActiveCfg = Release|Any CPU
		{B5B16153-9C97-4A5C-A524-27F2F7067BD2}.Release|x64.Build.0 = Release|Any CPU
		{B5B16153-9C97-4A5C-A524-27F2F7067BD2}.Release|x86.ActiveCfg = Release|Any CPU
		{B5B16153-9C97-4A5C-A524-27F2F7067BD2}.Release|x86.Build.0 = Release|Any CPU
		{582641DA-7AF8-4554-BA61-84E66BF831FA}.Debug|Any CPU.ActiveCfg = Debug|Any CPU
		{582641DA-7AF8-4554-BA61-84E66BF831FA}.Debug|Any CPU.Build.0 = Debug|Any CPU
		{582641DA-7AF8-4554-BA61-84E66BF831FA}.Debug|ARM64.ActiveCfg = Debug|Any CPU
		{582641DA-7AF8-4554-BA61-84E66BF831FA}.Debug|ARM64.Build.0 = Debug|Any CPU
		{582641DA-7AF8-4554-BA61-84E66BF831FA}.Debug|x64.ActiveCfg = Debug|Any CPU
		{582641DA-7AF8-4554-BA61-84E66BF831FA}.Debug|x64.Build.0 = Debug|Any CPU
		{582641DA-7AF8-4554-BA61-84E66BF831FA}.Debug|x86.ActiveCfg = Debug|Any CPU
		{582641DA-7AF8-4554-BA61-84E66BF831FA}.Debug|x86.Build.0 = Debug|Any CPU
		{582641DA-7AF8-4554-BA61-84E66BF831FA}.Release|Any CPU.ActiveCfg = Release|Any CPU
		{582641DA-7AF8-4554-BA61-84E66BF831FA}.Release|Any CPU.Build.0 = Release|Any CPU
		{582641DA-7AF8-4554-BA61-84E66BF831FA}.Release|ARM64.ActiveCfg = Release|Any CPU
		{582641DA-7AF8-4554-BA61-84E66BF831FA}.Release|ARM64.Build.0 = Release|Any CPU
		{582641DA-7AF8-4554-BA61-84E66BF831FA}.Release|x64.ActiveCfg = Release|Any CPU
		{582641DA-7AF8-4554-BA61-84E66BF831FA}.Release|x64.Build.0 = Release|Any CPU
		{582641DA-7AF8-4554-BA61-84E66BF831FA}.Release|x86.ActiveCfg = Release|Any CPU
		{582641DA-7AF8-4554-BA61-84E66BF831FA}.Release|x86.Build.0 = Release|Any CPU
	EndGlobalSection
	GlobalSection(SolutionProperties) = preSolution
		HideSolutionNode = FALSE
	EndGlobalSection
	GlobalSection(ExtensibilityGlobals) = postSolution
		SolutionGuid = {EB2AECC1-A33B-475C-9394-34240BC622A6}
	EndGlobalSection
EndGlobal
