
Microsoft Visual Studio Solution File, Format Version 12.00
# Visual Studio Version 17
VisualStudioVersion = 17.8.34330.188
MinimumVisualStudioVersion = 10.0.40219.1
Project("{FAE04EC0-301F-11D3-BF4B-00C04F79EFBC}") = "VACM.NET8_0.CLI", "VACM.NET8_0.CLI\VACM.NET8_0.CLI.csproj", "{582641DA-7AF8-4554-BA61-84E66BF831FA}"
EndProject
Project("{FAE04EC0-301F-11D3-BF4B-00C04F79EFBC}") = "VACM.NET4_0.Backend", "VACM.NET4_0.Backend\VACM.NET4_0.Backend.csproj", "{B5B16153-9C97-4A5C-A524-27F2F7067BD2}"
EndProject
Project("{FAE04EC0-301F-11D3-BF4B-00C04F79EFBC}") = "VACM.NET8_0.GUI", "VACM.NET8_0.GUI\VACM.NET8_0.GUI.csproj", "{98FED8AF-1862-4388-9CCA-935C4857B4E0}"
EndProject
Project("{FAE04EC0-301F-11D3-BF4B-00C04F79EFBC}") = "VACM.NET4_0.GUI", "VACM.NET4_0.GUI\VACM.NET4_0.GUI.csproj", "{08CA9AFB-8EBA-4388-9587-C227AD817A2A}"
EndProject
Project("{FAE04EC0-301F-11D3-BF4B-00C04F79EFBC}") = "VACM.NET4_8_1.GUI", "VACM.NET4_8_1.GUI\VACM.NET4_8_1.GUI.csproj", "{4B94DAB6-717D-4713-919D-ED7A73A5E39A}"
EndProject
Project("{FAE04EC0-301F-11D3-BF4B-00C04F79EFBC}") = "VACM.NET4_8_1.CLI", "VACM.NET4_8_1.CLI\VACM.NET4_8_1.CLI.csproj", "{25558978-1885-4CB9-A85C-3205C4D3E608}"
EndProject
Project("{FAE04EC0-301F-11D3-BF4B-00C04F79EFBC}") = "VACM.NET4_0.CLI", "VACM.NET4_0.CLI\VACM.NET4_0.CLI.csproj", "{145A5382-AC21-463D-8545-8E791466B2FC}"
EndProject
Project("{FAE04EC0-301F-11D3-BF4B-00C04F79EFBC}") = "VACM.NET4_0.Extensions", "VACM.NET4_0.Extensions\VACM.NET4_0.Extensions.csproj", "{B8548226-B266-4521-93F4-0217A1FDCF7D}"
EndProject
Project("{FAE04EC0-301F-11D3-BF4B-00C04F79EFBC}") = "VACM.NET4_8_1.Extensions", "VACM.NET4_8_1.Extensions\VACM.NET4_8_1.Extensions.csproj", "{89577933-445E-485E-9885-D5E05B925372}"
EndProject
Global
	GlobalSection(SolutionConfigurationPlatforms) = preSolution
		Debug|Any CPU = Debug|Any CPU
		Debug|ARM64 = Debug|ARM64
		Debug|x64 = Debug|x64
		Debug|x86 = Debug|x86
		Release|Any CPU = Release|Any CPU
		Release|ARM64 = Release|ARM64
		Release|x64 = Release|x64
		Release|x86 = Release|x86
		Description = Virtual Audio Cable (VAC) Manager user interfaces and libraries.
	EndGlobalSection
	GlobalSection(ProjectConfigurationPlatforms) = postSolution
		{582641DA-7AF8-4554-BA61-84E66BF831FA}.Debug|Any CPU.ActiveCfg = Debug|Any CPU
		{582641DA-7AF8-4554-BA61-84E66BF831FA}.Debug|Any CPU.Build.0 = Debug|Any CPU
		{582641DA-7AF8-4554-BA61-84E66BF831FA}.Debug|ARM64.ActiveCfg = Debug|Any CPU
		{582641DA-7AF8-4554-BA61-84E66BF831FA}.Debug|ARM64.Build.0 = Debug|Any CPU
		{582641DA-7AF8-4554-BA61-84E66BF831FA}.Debug|x64.ActiveCfg = Debug|Any CPU
		{582641DA-7AF8-4554-BA61-84E66BF831FA}.Debug|x64.Build.0 = Debug|Any CPU
		{582641DA-7AF8-4554-BA61-84E66BF831FA}.Debug|x86.ActiveCfg = Debug|Any CPU
		{582641DA-7AF8-4554-BA61-84E66BF831FA}.Debug|x86.Build.0 = Debug|Any CPU
		{582641DA-7AF8-4554-BA61-84E66BF831FA}.Release|Any CPU.ActiveCfg = Release|Any CPU
		{582641DA-7AF8-4554-BA61-84E66BF831FA}.Release|Any CPU.Build.0 = Release|Any CPU
		{582641DA-7AF8-4554-BA61-84E66BF831FA}.Release|ARM64.ActiveCfg = Release|Any CPU
		{582641DA-7AF8-4554-BA61-84E66BF831FA}.Release|ARM64.Build.0 = Release|Any CPU
		{582641DA-7AF8-4554-BA61-84E66BF831FA}.Release|x64.ActiveCfg = Release|Any CPU
		{582641DA-7AF8-4554-BA61-84E66BF831FA}.Release|x64.Build.0 = Release|Any CPU
		{582641DA-7AF8-4554-BA61-84E66BF831FA}.Release|x86.ActiveCfg = Release|Any CPU
		{582641DA-7AF8-4554-BA61-84E66BF831FA}.Release|x86.Build.0 = Release|Any CPU
		{B5B16153-9C97-4A5C-A524-27F2F7067BD2}.Debug|Any CPU.ActiveCfg = Debug|Any CPU
		{B5B16153-9C97-4A5C-A524-27F2F7067BD2}.Debug|Any CPU.Build.0 = Debug|Any CPU
		{B5B16153-9C97-4A5C-A524-27F2F7067BD2}.Debug|ARM64.ActiveCfg = Debug|Any CPU
		{B5B16153-9C97-4A5C-A524-27F2F7067BD2}.Debug|ARM64.Build.0 = Debug|Any CPU
		{B5B16153-9C97-4A5C-A524-27F2F7067BD2}.Debug|x64.ActiveCfg = Debug|Any CPU
		{B5B16153-9C97-4A5C-A524-27F2F7067BD2}.Debug|x64.Build.0 = Debug|Any CPU
		{B5B16153-9C97-4A5C-A524-27F2F7067BD2}.Debug|x86.ActiveCfg = Debug|Any CPU
		{B5B16153-9C97-4A5C-A524-27F2F7067BD2}.Debug|x86.Build.0 = Debug|Any CPU
		{B5B16153-9C97-4A5C-A524-27F2F7067BD2}.Release|Any CPU.ActiveCfg = Release|Any CPU
		{B5B16153-9C97-4A5C-A524-27F2F7067BD2}.Release|Any CPU.Build.0 = Release|Any CPU
		{B5B16153-9C97-4A5C-A524-27F2F7067BD2}.Release|ARM64.ActiveCfg = Release|Any CPU
		{B5B16153-9C97-4A5C-A524-27F2F7067BD2}.Release|ARM64.Build.0 = Release|Any CPU
		{B5B16153-9C97-4A5C-A524-27F2F7067BD2}.Release|x64.ActiveCfg = Release|Any CPU
		{B5B16153-9C97-4A5C-A524-27F2F7067BD2}.Release|x64.Build.0 = Release|Any CPU
		{B5B16153-9C97-4A5C-A524-27F2F7067BD2}.Release|x86.ActiveCfg = Release|Any CPU
		{B5B16153-9C97-4A5C-A524-27F2F7067BD2}.Release|x86.Build.0 = Release|Any CPU
		{98FED8AF-1862-4388-9CCA-935C4857B4E0}.Debug|Any CPU.ActiveCfg = Debug|x64
		{98FED8AF-1862-4388-9CCA-935C4857B4E0}.Debug|Any CPU.Build.0 = Debug|x64
		{98FED8AF-1862-4388-9CCA-935C4857B4E0}.Debug|Any CPU.Deploy.0 = Debug|x64
		{98FED8AF-1862-4388-9CCA-935C4857B4E0}.Debug|ARM64.ActiveCfg = Debug|ARM64
		{98FED8AF-1862-4388-9CCA-935C4857B4E0}.Debug|ARM64.Build.0 = Debug|ARM64
		{98FED8AF-1862-4388-9CCA-935C4857B4E0}.Debug|ARM64.Deploy.0 = Debug|ARM64
		{98FED8AF-1862-4388-9CCA-935C4857B4E0}.Debug|x64.ActiveCfg = Debug|x64
		{98FED8AF-1862-4388-9CCA-935C4857B4E0}.Debug|x64.Build.0 = Debug|x64
		{98FED8AF-1862-4388-9CCA-935C4857B4E0}.Debug|x64.Deploy.0 = Debug|x64
		{98FED8AF-1862-4388-9CCA-935C4857B4E0}.Debug|x86.ActiveCfg = Debug|x86
		{98FED8AF-1862-4388-9CCA-935C4857B4E0}.Debug|x86.Build.0 = Debug|x86
		{98FED8AF-1862-4388-9CCA-935C4857B4E0}.Debug|x86.Deploy.0 = Debug|x86
		{98FED8AF-1862-4388-9CCA-935C4857B4E0}.Release|Any CPU.ActiveCfg = Release|x64
		{98FED8AF-1862-4388-9CCA-935C4857B4E0}.Release|Any CPU.Build.0 = Release|x64
		{98FED8AF-1862-4388-9CCA-935C4857B4E0}.Release|Any CPU.Deploy.0 = Release|x64
		{98FED8AF-1862-4388-9CCA-935C4857B4E0}.Release|ARM64.ActiveCfg = Release|ARM64
		{98FED8AF-1862-4388-9CCA-935C4857B4E0}.Release|ARM64.Build.0 = Release|ARM64
		{98FED8AF-1862-4388-9CCA-935C4857B4E0}.Release|ARM64.Deploy.0 = Release|ARM64
		{98FED8AF-1862-4388-9CCA-935C4857B4E0}.Release|x64.ActiveCfg = Release|x64
		{98FED8AF-1862-4388-9CCA-935C4857B4E0}.Release|x64.Build.0 = Release|x64
		{98FED8AF-1862-4388-9CCA-935C4857B4E0}.Release|x64.Deploy.0 = Release|x64
		{98FED8AF-1862-4388-9CCA-935C4857B4E0}.Release|x86.ActiveCfg = Release|x86
		{98FED8AF-1862-4388-9CCA-935C4857B4E0}.Release|x86.Build.0 = Release|x86
		{98FED8AF-1862-4388-9CCA-935C4857B4E0}.Release|x86.Deploy.0 = Release|x86
		{08CA9AFB-8EBA-4388-9587-C227AD817A2A}.Debug|Any CPU.ActiveCfg = Debug|Any CPU
		{08CA9AFB-8EBA-4388-9587-C227AD817A2A}.Debug|Any CPU.Build.0 = Debug|Any CPU
		{08CA9AFB-8EBA-4388-9587-C227AD817A2A}.Debug|ARM64.ActiveCfg = Debug|Any CPU
		{08CA9AFB-8EBA-4388-9587-C227AD817A2A}.Debug|ARM64.Build.0 = Debug|Any CPU
		{08CA9AFB-8EBA-4388-9587-C227AD817A2A}.Debug|x64.ActiveCfg = Debug|Any CPU
		{08CA9AFB-8EBA-4388-9587-C227AD817A2A}.Debug|x64.Build.0 = Debug|Any CPU
		{08CA9AFB-8EBA-4388-9587-C227AD817A2A}.Debug|x86.ActiveCfg = Debug|Any CPU
		{08CA9AFB-8EBA-4388-9587-C227AD817A2A}.Debug|x86.Build.0 = Debug|Any CPU
		{08CA9AFB-8EBA-4388-9587-C227AD817A2A}.Release|Any CPU.ActiveCfg = Release|Any CPU
		{08CA9AFB-8EBA-4388-9587-C227AD817A2A}.Release|Any CPU.Build.0 = Release|Any CPU
		{08CA9AFB-8EBA-4388-9587-C227AD817A2A}.Release|ARM64.ActiveCfg = Release|Any CPU
		{08CA9AFB-8EBA-4388-9587-C227AD817A2A}.Release|ARM64.Build.0 = Release|Any CPU
		{08CA9AFB-8EBA-4388-9587-C227AD817A2A}.Release|x64.ActiveCfg = Release|Any CPU
		{08CA9AFB-8EBA-4388-9587-C227AD817A2A}.Release|x64.Build.0 = Release|Any CPU
		{08CA9AFB-8EBA-4388-9587-C227AD817A2A}.Release|x86.ActiveCfg = Release|Any CPU
		{08CA9AFB-8EBA-4388-9587-C227AD817A2A}.Release|x86.Build.0 = Release|Any CPU
		{4B94DAB6-717D-4713-919D-ED7A73A5E39A}.Debug|Any CPU.ActiveCfg = Debug|Any CPU
		{4B94DAB6-717D-4713-919D-ED7A73A5E39A}.Debug|Any CPU.Build.0 = Debug|Any CPU
		{4B94DAB6-717D-4713-919D-ED7A73A5E39A}.Debug|ARM64.ActiveCfg = Debug|Any CPU
		{4B94DAB6-717D-4713-919D-ED7A73A5E39A}.Debug|ARM64.Build.0 = Debug|Any CPU
		{4B94DAB6-717D-4713-919D-ED7A73A5E39A}.Debug|x64.ActiveCfg = Debug|Any CPU
		{4B94DAB6-717D-4713-919D-ED7A73A5E39A}.Debug|x64.Build.0 = Debug|Any CPU
		{4B94DAB6-717D-4713-919D-ED7A73A5E39A}.Debug|x86.ActiveCfg = Debug|Any CPU
		{4B94DAB6-717D-4713-919D-ED7A73A5E39A}.Debug|x86.Build.0 = Debug|Any CPU
		{4B94DAB6-717D-4713-919D-ED7A73A5E39A}.Release|Any CPU.ActiveCfg = Release|Any CPU
		{4B94DAB6-717D-4713-919D-ED7A73A5E39A}.Release|Any CPU.Build.0 = Release|Any CPU
		{4B94DAB6-717D-4713-919D-ED7A73A5E39A}.Release|ARM64.ActiveCfg = Release|Any CPU
		{4B94DAB6-717D-4713-919D-ED7A73A5E39A}.Release|ARM64.Build.0 = Release|Any CPU
		{4B94DAB6-717D-4713-919D-ED7A73A5E39A}.Release|x64.ActiveCfg = Release|Any CPU
		{4B94DAB6-717D-4713-919D-ED7A73A5E39A}.Release|x64.Build.0 = Release|Any CPU
		{4B94DAB6-717D-4713-919D-ED7A73A5E39A}.Release|x86.ActiveCfg = Release|Any CPU
		{4B94DAB6-717D-4713-919D-ED7A73A5E39A}.Release|x86.Build.0 = Release|Any CPU
		{25558978-1885-4CB9-A85C-3205C4D3E608}.Debug|Any CPU.ActiveCfg = Debug|Any CPU
		{25558978-1885-4CB9-A85C-3205C4D3E608}.Debug|Any CPU.Build.0 = Debug|Any CPU
		{25558978-1885-4CB9-A85C-3205C4D3E608}.Debug|ARM64.ActiveCfg = Debug|Any CPU
		{25558978-1885-4CB9-A85C-3205C4D3E608}.Debug|ARM64.Build.0 = Debug|Any CPU
		{25558978-1885-4CB9-A85C-3205C4D3E608}.Debug|x64.ActiveCfg = Debug|Any CPU
		{25558978-1885-4CB9-A85C-3205C4D3E608}.Debug|x64.Build.0 = Debug|Any CPU
		{25558978-1885-4CB9-A85C-3205C4D3E608}.Debug|x86.ActiveCfg = Debug|Any CPU
		{25558978-1885-4CB9-A85C-3205C4D3E608}.Debug|x86.Build.0 = Debug|Any CPU
		{25558978-1885-4CB9-A85C-3205C4D3E608}.Release|Any CPU.ActiveCfg = Release|Any CPU
		{25558978-1885-4CB9-A85C-3205C4D3E608}.Release|Any CPU.Build.0 = Release|Any CPU
		{25558978-1885-4CB9-A85C-3205C4D3E608}.Release|ARM64.ActiveCfg = Release|Any CPU
		{25558978-1885-4CB9-A85C-3205C4D3E608}.Release|ARM64.Build.0 = Release|Any CPU
		{25558978-1885-4CB9-A85C-3205C4D3E608}.Release|x64.ActiveCfg = Release|Any CPU
		{25558978-1885-4CB9-A85C-3205C4D3E608}.Release|x64.Build.0 = Release|Any CPU
		{25558978-1885-4CB9-A85C-3205C4D3E608}.Release|x86.ActiveCfg = Release|Any CPU
		{25558978-1885-4CB9-A85C-3205C4D3E608}.Release|x86.Build.0 = Release|Any CPU
		{145A5382-AC21-463D-8545-8E791466B2FC}.Debug|Any CPU.ActiveCfg = Debug|Any CPU
		{145A5382-AC21-463D-8545-8E791466B2FC}.Debug|Any CPU.Build.0 = Debug|Any CPU
		{145A5382-AC21-463D-8545-8E791466B2FC}.Debug|ARM64.ActiveCfg = Debug|Any CPU
		{145A5382-AC21-463D-8545-8E791466B2FC}.Debug|ARM64.Build.0 = Debug|Any CPU
		{145A5382-AC21-463D-8545-8E791466B2FC}.Debug|x64.ActiveCfg = Debug|Any CPU
		{145A5382-AC21-463D-8545-8E791466B2FC}.Debug|x64.Build.0 = Debug|Any CPU
		{145A5382-AC21-463D-8545-8E791466B2FC}.Debug|x86.ActiveCfg = Debug|Any CPU
		{145A5382-AC21-463D-8545-8E791466B2FC}.Debug|x86.Build.0 = Debug|Any CPU
		{145A5382-AC21-463D-8545-8E791466B2FC}.Release|Any CPU.ActiveCfg = Release|Any CPU
		{145A5382-AC21-463D-8545-8E791466B2FC}.Release|Any CPU.Build.0 = Release|Any CPU
		{145A5382-AC21-463D-8545-8E791466B2FC}.Release|ARM64.ActiveCfg = Release|Any CPU
		{145A5382-AC21-463D-8545-8E791466B2FC}.Release|ARM64.Build.0 = Release|Any CPU
		{145A5382-AC21-463D-8545-8E791466B2FC}.Release|x64.ActiveCfg = Release|Any CPU
		{145A5382-AC21-463D-8545-8E791466B2FC}.Release|x64.Build.0 = Release|Any CPU
		{145A5382-AC21-463D-8545-8E791466B2FC}.Release|x86.ActiveCfg = Release|Any CPU
		{145A5382-AC21-463D-8545-8E791466B2FC}.Release|x86.Build.0 = Release|Any CPU
		{B8548226-B266-4521-93F4-0217A1FDCF7D}.Debug|Any CPU.ActiveCfg = Debug|Any CPU
		{B8548226-B266-4521-93F4-0217A1FDCF7D}.Debug|Any CPU.Build.0 = Debug|Any CPU
		{B8548226-B266-4521-93F4-0217A1FDCF7D}.Debug|ARM64.ActiveCfg = Debug|Any CPU
		{B8548226-B266-4521-93F4-0217A1FDCF7D}.Debug|ARM64.Build.0 = Debug|Any CPU
		{B8548226-B266-4521-93F4-0217A1FDCF7D}.Debug|x64.ActiveCfg = Debug|Any CPU
		{B8548226-B266-4521-93F4-0217A1FDCF7D}.Debug|x64.Build.0 = Debug|Any CPU
		{B8548226-B266-4521-93F4-0217A1FDCF7D}.Debug|x86.ActiveCfg = Debug|Any CPU
		{B8548226-B266-4521-93F4-0217A1FDCF7D}.Debug|x86.Build.0 = Debug|Any CPU
		{B8548226-B266-4521-93F4-0217A1FDCF7D}.Release|Any CPU.ActiveCfg = Release|Any CPU
		{B8548226-B266-4521-93F4-0217A1FDCF7D}.Release|Any CPU.Build.0 = Release|Any CPU
		{B8548226-B266-4521-93F4-0217A1FDCF7D}.Release|ARM64.ActiveCfg = Release|Any CPU
		{B8548226-B266-4521-93F4-0217A1FDCF7D}.Release|ARM64.Build.0 = Release|Any CPU
		{B8548226-B266-4521-93F4-0217A1FDCF7D}.Release|x64.ActiveCfg = Release|Any CPU
		{B8548226-B266-4521-93F4-0217A1FDCF7D}.Release|x64.Build.0 = Release|Any CPU
		{B8548226-B266-4521-93F4-0217A1FDCF7D}.Release|x86.ActiveCfg = Release|Any CPU
		{B8548226-B266-4521-93F4-0217A1FDCF7D}.Release|x86.Build.0 = Release|Any CPU
		{89577933-445E-485E-9885-D5E05B925372}.Debug|Any CPU.ActiveCfg = Debug|Any CPU
		{89577933-445E-485E-9885-D5E05B925372}.Debug|Any CPU.Build.0 = Debug|Any CPU
		{89577933-445E-485E-9885-D5E05B925372}.Debug|ARM64.ActiveCfg = Debug|Any CPU
		{89577933-445E-485E-9885-D5E05B925372}.Debug|ARM64.Build.0 = Debug|Any CPU
		{89577933-445E-485E-9885-D5E05B925372}.Debug|x64.ActiveCfg = Debug|Any CPU
		{89577933-445E-485E-9885-D5E05B925372}.Debug|x64.Build.0 = Debug|Any CPU
		{89577933-445E-485E-9885-D5E05B925372}.Debug|x86.ActiveCfg = Debug|Any CPU
		{89577933-445E-485E-9885-D5E05B925372}.Debug|x86.Build.0 = Debug|Any CPU
		{89577933-445E-485E-9885-D5E05B925372}.Release|Any CPU.ActiveCfg = Release|Any CPU
		{89577933-445E-485E-9885-D5E05B925372}.Release|Any CPU.Build.0 = Release|Any CPU
		{89577933-445E-485E-9885-D5E05B925372}.Release|ARM64.ActiveCfg = Release|Any CPU
		{89577933-445E-485E-9885-D5E05B925372}.Release|ARM64.Build.0 = Release|Any CPU
		{89577933-445E-485E-9885-D5E05B925372}.Release|x64.ActiveCfg = Release|Any CPU
		{89577933-445E-485E-9885-D5E05B925372}.Release|x64.Build.0 = Release|Any CPU
		{89577933-445E-485E-9885-D5E05B925372}.Release|x86.ActiveCfg = Release|Any CPU
		{89577933-445E-485E-9885-D5E05B925372}.Release|x86.Build.0 = Release|Any CPU
	EndGlobalSection
	GlobalSection(SolutionProperties) = preSolution
		HideSolutionNode = FALSE
	EndGlobalSection
	GlobalSection(ExtensibilityGlobals) = postSolution
		SolutionGuid = {EB2AECC1-A33B-475C-9394-34240BC622A6}
	EndGlobalSection
EndGlobal
